Microsoft Visual Studio Solution File, Format Version 12.00
# Visual Studio Version 17
VisualStudioVersion = 17.5.2.0
MinimumVisualStudioVersion = 10.0.40219.1
Project("{FAE04EC0-301F-11D3-BF4B-00C04F79EFBC}") = "ModbusDriver.Core", "ModbusDriver.Core\ModbusDriver.Core.csproj", "{EB996F23-9ED5-ADEF-89A9-6862087D9956}"
EndProject
Global
	GlobalSection(SolutionConfigurationPlatforms) = preSolution
		Debug|Any CPU = Debug|Any CPU
		Release|Any CPU = Release|Any CPU
	EndGlobalSection
	GlobalSection(ProjectConfigurationPlatforms) = postSolution
		{EB996F23-9ED5-ADEF-89A9-6862087D9956}.Debug|Any CPU.ActiveCfg = Debug|Any CPU
		{EB996F23-9ED5-ADEF-89A9-6862087D9956}.Debug|Any CPU.Build.0 = Debug|Any CPU
		{EB996F23-9ED5-ADEF-89A9-6862087D9956}.Release|Any CPU.ActiveCfg = Release|Any CPU
		{EB996F23-9ED5-ADEF-89A9-6862087D9956}.Release|Any CPU.Build.0 = Release|Any CPU
	EndGlobalSection
	GlobalSection(SolutionProperties) = preSolution
		HideSolutionNode = FALSE
	EndGlobalSection
	GlobalSection(ExtensibilityGlobals) = postSolution
		SolutionGuid = {8780657F-C8AE-4B65-AF27-4A999C44E314}
	EndGlobalSection
EndGlobal
